
Microsoft Visual Studio Solution File, Format Version 12.00
# Visual Studio Version 17
VisualStudioVersion = 17.13.35931.197 d17.13
MinimumVisualStudioVersion = 10.0.40219.1
Project("{FAE04EC0-301F-11D3-BF4B-00C04F79EFBC}") = "ApiGateway", "ApiGateway\ApiGateway.csproj", "{F78BAA28-3DA5-4F49-AC5E-D9F00289BEB9}"
EndProject
Global
	GlobalSection(SolutionConfigurationPlatforms) = preSolution
		Debug|Any CPU = Debug|Any CPU
		Release|Any CPU = Release|Any CPU
	EndGlobalSection
	GlobalSection(ProjectConfigurationPlatforms) = postSolution
		{F78BAA28-3DA5-4F49-AC5E-D9F00289BEB9}.Debug|Any CPU.ActiveCfg = Debug|Any CPU
		{F78BAA28-3DA5-4F49-AC5E-D9F00289BEB9}.Debug|Any CPU.Build.0 = Debug|Any CPU
		{F78BAA28-3DA5-4F49-AC5E-D9F00289BEB9}.Release|Any CPU.ActiveCfg = Release|Any CPU
		{F78BAA28-3DA5-4F49-AC5E-D9F00289BEB9}.Release|Any CPU.Build.0 = Release|Any CPU
	EndGlobalSection
	GlobalSection(SolutionProperties) = preSolution
		HideSolutionNode = FALSE
	EndGlobalSection
	GlobalSection(ExtensibilityGlobals) = postSolution
		SolutionGuid = {B9EE7383-E89C-4381-A2A0-79F632550903}
	EndGlobalSection
EndGlobal
