
Microsoft Visual Studio Solution File, Format Version 12.00
# Visual Studio Version 17
VisualStudioVersion = 17.10.35122.118
MinimumVisualStudioVersion = 10.0.40219.1
Project("{FAE04EC0-301F-11D3-BF4B-00C04F79EFBC}") = "Catalog.Domain", "CatalogService\Catalog.Domain.csproj", "{F6BF9F58-30FE-47B3-A62D-16AC3D458F60}"
EndProject
Project("{FAE04EC0-301F-11D3-BF4B-00C04F79EFBC}") = "Catalog.Application", "Catalog.Application\Catalog.Application.csproj", "{D5BF7323-58D7-426F-8991-CAEEC50A0CCA}"
EndProject
Project("{FAE04EC0-301F-11D3-BF4B-00C04F79EFBC}") = "Catalog.Infrastructure", "Catalog.Infrastructure\Catalog.Infrastructure.csproj", "{44DB1E66-C565-4A38-9E45-F301B7CFFBB4}"
EndProject
Project("{FAE04EC0-301F-11D3-BF4B-00C04F79EFBC}") = "Catalog.Tests", "Catalog.Tests\Catalog.Tests.csproj", "{C878D7A3-4EF2-4714-846D-265208F83718}"
EndProject
Global
	GlobalSection(SolutionConfigurationPlatforms) = preSolution
		Debug|Any CPU = Debug|Any CPU
		Release|Any CPU = Release|Any CPU
	EndGlobalSection
	GlobalSection(ProjectConfigurationPlatforms) = postSolution
		{F6BF9F58-30FE-47B3-A62D-16AC3D458F60}.Debug|Any CPU.ActiveCfg = Debug|Any CPU
		{F6BF9F58-30FE-47B3-A62D-16AC3D458F60}.Debug|Any CPU.Build.0 = Debug|Any CPU
		{F6BF9F58-30FE-47B3-A62D-16AC3D458F60}.Release|Any CPU.ActiveCfg = Release|Any CPU
		{F6BF9F58-30FE-47B3-A62D-16AC3D458F60}.Release|Any CPU.Build.0 = Release|Any CPU
		{D5BF7323-58D7-426F-8991-CAEEC50A0CCA}.Debug|Any CPU.ActiveCfg = Debug|Any CPU
		{D5BF7323-58D7-426F-8991-CAEEC50A0CCA}.Debug|Any CPU.Build.0 = Debug|Any CPU
		{D5BF7323-58D7-426F-8991-CAEEC50A0CCA}.Release|Any CPU.ActiveCfg = Release|Any CPU
		{D5BF7323-58D7-426F-8991-CAEEC50A0CCA}.Release|Any CPU.Build.0 = Release|Any CPU
		{44DB1E66-C565-4A38-9E45-F301B7CFFBB4}.Debug|Any CPU.ActiveCfg = Debug|Any CPU
		{44DB1E66-C565-4A38-9E45-F301B7CFFBB4}.Debug|Any CPU.Build.0 = Debug|Any CPU
		{44DB1E66-C565-4A38-9E45-F301B7CFFBB4}.Release|Any CPU.ActiveCfg = Release|Any CPU
		{44DB1E66-C565-4A38-9E45-F301B7CFFBB4}.Release|Any CPU.Build.0 = Release|Any CPU
		{C878D7A3-4EF2-4714-846D-265208F83718}.Debug|Any CPU.ActiveCfg = Debug|Any CPU
		{C878D7A3-4EF2-4714-846D-265208F83718}.Debug|Any CPU.Build.0 = Debug|Any CPU
		{C878D7A3-4EF2-4714-846D-265208F83718}.Release|Any CPU.ActiveCfg = Release|Any CPU
		{C878D7A3-4EF2-4714-846D-265208F83718}.Release|Any CPU.Build.0 = Release|Any CPU
	EndGlobalSection
	GlobalSection(SolutionProperties) = preSolution
		HideSolutionNode = FALSE
	EndGlobalSection
	GlobalSection(ExtensibilityGlobals) = postSolution
		SolutionGuid = {57D8D95D-37E6-4FD6-AAD9-95F01FC3F4EF}
	EndGlobalSection
EndGlobal
